// !$*UTF8*$!
{
	archiveVersion = 1;
	classes = {
	};
	objectVersion = 55;
	objects = {

/* Begin PBXBuildFile section */
		64D8D5B2286DF41E00FDE5A8 /* DemoAppApp.swift in Sources */ = {isa = PBXBuildFile; fileRef = 64D8D5B1286DF41E00FDE5A8 /* DemoAppApp.swift */; };
		64D8D5B4286DF41E00FDE5A8 /* MeetingView.swift in Sources */ = {isa = PBXBuildFile; fileRef = 64D8D5B3286DF41E00FDE5A8 /* MeetingView.swift */; };
		64D8D5B6286DF42100FDE5A8 /* Assets.xcassets in Resources */ = {isa = PBXBuildFile; fileRef = 64D8D5B5286DF42100FDE5A8 /* Assets.xcassets */; };
		64D8D5B9286DF42100FDE5A8 /* Preview Assets.xcassets in Resources */ = {isa = PBXBuildFile; fileRef = 64D8D5B8286DF42100FDE5A8 /* Preview Assets.xcassets */; };
		64D8D5C3286DF42100FDE5A8 /* DemoAppTests.swift in Sources */ = {isa = PBXBuildFile; fileRef = 64D8D5C2286DF42100FDE5A8 /* DemoAppTests.swift */; };
		64D8D5CD286DF42100FDE5A8 /* DemoAppUITests.swift in Sources */ = {isa = PBXBuildFile; fileRef = 64D8D5CC286DF42100FDE5A8 /* DemoAppUITests.swift */; };
		64D8D5CF286DF42100FDE5A8 /* DemoAppUITestsLaunchTests.swift in Sources */ = {isa = PBXBuildFile; fileRef = 64D8D5CE286DF42100FDE5A8 /* DemoAppUITestsLaunchTests.swift */; };
		64D8D5DF286DF73400FDE5A8 /* Theme.swift in Sources */ = {isa = PBXBuildFile; fileRef = 64D8D5DE286DF73400FDE5A8 /* Theme.swift */; };
		64D8D5E1286DF7F900FDE5A8 /* DailyScrum.swift in Sources */ = {isa = PBXBuildFile; fileRef = 64D8D5E0286DF7F900FDE5A8 /* DailyScrum.swift */; };
		64D8D5E3286DFA0B00FDE5A8 /* CardView.swift in Sources */ = {isa = PBXBuildFile; fileRef = 64D8D5E2286DFA0B00FDE5A8 /* CardView.swift */; };
		64D8D5E5286E005900FDE5A8 /* TrailingIconLabelStyle.swift in Sources */ = {isa = PBXBuildFile; fileRef = 64D8D5E4286E005900FDE5A8 /* TrailingIconLabelStyle.swift */; };
		64D8D5E7286E02FA00FDE5A8 /* ScrumsView.swift in Sources */ = {isa = PBXBuildFile; fileRef = 64D8D5E6286E02FA00FDE5A8 /* ScrumsView.swift */; };
		64D8D5E9286E1D2100FDE5A8 /* DetailView.swift in Sources */ = {isa = PBXBuildFile; fileRef = 64D8D5E8286E1D2100FDE5A8 /* DetailView.swift */; };
/* End PBXBuildFile section */

/* Begin PBXContainerItemProxy section */
		64D8D5BF286DF42100FDE5A8 /* PBXContainerItemProxy */ = {
			isa = PBXContainerItemProxy;
			containerPortal = 64D8D5A6286DF41E00FDE5A8 /* Project object */;
			proxyType = 1;
			remoteGlobalIDString = 64D8D5AD286DF41E00FDE5A8;
			remoteInfo = DemoApp;
		};
		64D8D5C9286DF42100FDE5A8 /* PBXContainerItemProxy */ = {
			isa = PBXContainerItemProxy;
			containerPortal = 64D8D5A6286DF41E00FDE5A8 /* Project object */;
			proxyType = 1;
			remoteGlobalIDString = 64D8D5AD286DF41E00FDE5A8;
			remoteInfo = DemoApp;
		};
/* End PBXContainerItemProxy section */

/* Begin PBXFileReference section */
		64D8D5AE286DF41E00FDE5A8 /* DemoApp.app */ = {isa = PBXFileReference; explicitFileType = wrapper.application; includeInIndex = 0; path = DemoApp.app; sourceTree = BUILT_PRODUCTS_DIR; };
		64D8D5B1286DF41E00FDE5A8 /* DemoAppApp.swift */ = {isa = PBXFileReference; lastKnownFileType = sourcecode.swift; path = DemoAppApp.swift; sourceTree = "<group>"; };
		64D8D5B3286DF41E00FDE5A8 /* MeetingView.swift */ = {isa = PBXFileReference; lastKnownFileType = sourcecode.swift; path = MeetingView.swift; sourceTree = "<group>"; };
		64D8D5B5286DF42100FDE5A8 /* Assets.xcassets */ = {isa = PBXFileReference; lastKnownFileType = folder.assetcatalog; path = Assets.xcassets; sourceTree = "<group>"; };
		64D8D5B8286DF42100FDE5A8 /* Preview Assets.xcassets */ = {isa = PBXFileReference; lastKnownFileType = folder.assetcatalog; path = "Preview Assets.xcassets"; sourceTree = "<group>"; };
		64D8D5BE286DF42100FDE5A8 /* DemoAppTests.xctest */ = {isa = PBXFileReference; explicitFileType = wrapper.cfbundle; includeInIndex = 0; path = DemoAppTests.xctest; sourceTree = BUILT_PRODUCTS_DIR; };
		64D8D5C2286DF42100FDE5A8 /* DemoAppTests.swift */ = {isa = PBXFileReference; lastKnownFileType = sourcecode.swift; path = DemoAppTests.swift; sourceTree = "<group>"; };
		64D8D5C8286DF42100FDE5A8 /* DemoAppUITests.xctest */ = {isa = PBXFileReference; explicitFileType = wrapper.cfbundle; includeInIndex = 0; path = DemoAppUITests.xctest; sourceTree = BUILT_PRODUCTS_DIR; };
		64D8D5CC286DF42100FDE5A8 /* DemoAppUITests.swift */ = {isa = PBXFileReference; lastKnownFileType = sourcecode.swift; path = DemoAppUITests.swift; sourceTree = "<group>"; };
		64D8D5CE286DF42100FDE5A8 /* DemoAppUITestsLaunchTests.swift */ = {isa = PBXFileReference; lastKnownFileType = sourcecode.swift; path = DemoAppUITestsLaunchTests.swift; sourceTree = "<group>"; };
		64D8D5DE286DF73400FDE5A8 /* Theme.swift */ = {isa = PBXFileReference; lastKnownFileType = sourcecode.swift; path = Theme.swift; sourceTree = "<group>"; };
		64D8D5E0286DF7F900FDE5A8 /* DailyScrum.swift */ = {isa = PBXFileReference; lastKnownFileType = sourcecode.swift; path = DailyScrum.swift; sourceTree = "<group>"; };
		64D8D5E2286DFA0B00FDE5A8 /* CardView.swift */ = {isa = PBXFileReference; lastKnownFileType = sourcecode.swift; path = CardView.swift; sourceTree = "<group>"; };
		64D8D5E4286E005900FDE5A8 /* TrailingIconLabelStyle.swift */ = {isa = PBXFileReference; lastKnownFileType = sourcecode.swift; path = TrailingIconLabelStyle.swift; sourceTree = "<group>"; };
		64D8D5E6286E02FA00FDE5A8 /* ScrumsView.swift */ = {isa = PBXFileReference; lastKnownFileType = sourcecode.swift; path = ScrumsView.swift; sourceTree = "<group>"; };
		64D8D5E8286E1D2100FDE5A8 /* DetailView.swift */ = {isa = PBXFileReference; lastKnownFileType = sourcecode.swift; path = DetailView.swift; sourceTree = "<group>"; };
/* End PBXFileReference section */

/* Begin PBXFrameworksBuildPhase section */
		64D8D5AB286DF41E00FDE5A8 /* Frameworks */ = {
			isa = PBXFrameworksBuildPhase;
			buildActionMask = 2147483647;
			files = (
			);
			runOnlyForDeploymentPostprocessing = 0;
		};
		64D8D5BB286DF42100FDE5A8 /* Frameworks */ = {
			isa = PBXFrameworksBuildPhase;
			buildActionMask = 2147483647;
			files = (
			);
			runOnlyForDeploymentPostprocessing = 0;
		};
		64D8D5C5286DF42100FDE5A8 /* Frameworks */ = {
			isa = PBXFrameworksBuildPhase;
			buildActionMask = 2147483647;
			files = (
			);
			runOnlyForDeploymentPostprocessing = 0;
		};
/* End PBXFrameworksBuildPhase section */

/* Begin PBXGroup section */
		64D8D5A5286DF41E00FDE5A8 = {
			isa = PBXGroup;
			children = (
				64D8D5B0286DF41E00FDE5A8 /* DemoApp */,
				64D8D5C1286DF42100FDE5A8 /* DemoAppTests */,
				64D8D5CB286DF42100FDE5A8 /* DemoAppUITests */,
				64D8D5AF286DF41E00FDE5A8 /* Products */,
			);
			sourceTree = "<group>";
		};
		64D8D5AF286DF41E00FDE5A8 /* Products */ = {
			isa = PBXGroup;
			children = (
				64D8D5AE286DF41E00FDE5A8 /* DemoApp.app */,
				64D8D5BE286DF42100FDE5A8 /* DemoAppTests.xctest */,
				64D8D5C8286DF42100FDE5A8 /* DemoAppUITests.xctest */,
			);
			name = Products;
			sourceTree = "<group>";
		};
		64D8D5B0286DF41E00FDE5A8 /* DemoApp */ = {
			isa = PBXGroup;
			children = (
				64D8D5DB286DF6F200FDE5A8 /* Models */,
				64D8D5B1286DF41E00FDE5A8 /* DemoAppApp.swift */,
				64D8D5B3286DF41E00FDE5A8 /* MeetingView.swift */,
				64D8D5B5286DF42100FDE5A8 /* Assets.xcassets */,
				64D8D5B7286DF42100FDE5A8 /* Preview Content */,
				64D8D5E2286DFA0B00FDE5A8 /* CardView.swift */,
				64D8D5E4286E005900FDE5A8 /* TrailingIconLabelStyle.swift */,
				64D8D5E6286E02FA00FDE5A8 /* ScrumsView.swift */,
				64D8D5E8286E1D2100FDE5A8 /* DetailView.swift */,
			);
			path = DemoApp;
			sourceTree = "<group>";
		};
		64D8D5B7286DF42100FDE5A8 /* Preview Content */ = {
			isa = PBXGroup;
			children = (
				64D8D5B8286DF42100FDE5A8 /* Preview Assets.xcassets */,
			);
			path = "Preview Content";
			sourceTree = "<group>";
		};
		64D8D5C1286DF42100FDE5A8 /* DemoAppTests */ = {
			isa = PBXGroup;
			children = (
				64D8D5C2286DF42100FDE5A8 /* DemoAppTests.swift */,
			);
			path = DemoAppTests;
			sourceTree = "<group>";
		};
		64D8D5CB286DF42100FDE5A8 /* DemoAppUITests */ = {
			isa = PBXGroup;
			children = (
				64D8D5CC286DF42100FDE5A8 /* DemoAppUITests.swift */,
				64D8D5CE286DF42100FDE5A8 /* DemoAppUITestsLaunchTests.swift */,
			);
			path = DemoAppUITests;
			sourceTree = "<group>";
		};
		64D8D5DB286DF6F200FDE5A8 /* Models */ = {
			isa = PBXGroup;
			children = (
				64D8D5DE286DF73400FDE5A8 /* Theme.swift */,
				64D8D5E0286DF7F900FDE5A8 /* DailyScrum.swift */,
			);
			path = Models;
			sourceTree = "<group>";
		};
/* End PBXGroup section */

/* Begin PBXNativeTarget section */
		64D8D5AD286DF41E00FDE5A8 /* DemoApp */ = {
			isa = PBXNativeTarget;
			buildConfigurationList = 64D8D5D2286DF42100FDE5A8 /* Build configuration list for PBXNativeTarget "DemoApp" */;
			buildPhases = (
				64D8D5AA286DF41E00FDE5A8 /* Sources */,
				64D8D5AB286DF41E00FDE5A8 /* Frameworks */,
				64D8D5AC286DF41E00FDE5A8 /* Resources */,
			);
			buildRules = (
			);
			dependencies = (
			);
			name = DemoApp;
			productName = DemoApp;
			productReference = 64D8D5AE286DF41E00FDE5A8 /* DemoApp.app */;
			productType = "com.apple.product-type.application";
		};
		64D8D5BD286DF42100FDE5A8 /* DemoAppTests */ = {
			isa = PBXNativeTarget;
			buildConfigurationList = 64D8D5D5286DF42100FDE5A8 /* Build configuration list for PBXNativeTarget "DemoAppTests" */;
			buildPhases = (
				64D8D5BA286DF42100FDE5A8 /* Sources */,
				64D8D5BB286DF42100FDE5A8 /* Frameworks */,
				64D8D5BC286DF42100FDE5A8 /* Resources */,
			);
			buildRules = (
			);
			dependencies = (
				64D8D5C0286DF42100FDE5A8 /* PBXTargetDependency */,
			);
			name = DemoAppTests;
			productName = DemoAppTests;
			productReference = 64D8D5BE286DF42100FDE5A8 /* DemoAppTests.xctest */;
			productType = "com.apple.product-type.bundle.unit-test";
		};
		64D8D5C7286DF42100FDE5A8 /* DemoAppUITests */ = {
			isa = PBXNativeTarget;
			buildConfigurationList = 64D8D5D8286DF42100FDE5A8 /* Build configuration list for PBXNativeTarget "DemoAppUITests" */;
			buildPhases = (
				64D8D5C4286DF42100FDE5A8 /* Sources */,
				64D8D5C5286DF42100FDE5A8 /* Frameworks */,
				64D8D5C6286DF42100FDE5A8 /* Resources */,
			);
			buildRules = (
			);
			dependencies = (
				64D8D5CA286DF42100FDE5A8 /* PBXTargetDependency */,
			);
			name = DemoAppUITests;
			productName = DemoAppUITests;
			productReference = 64D8D5C8286DF42100FDE5A8 /* DemoAppUITests.xctest */;
			productType = "com.apple.product-type.bundle.ui-testing";
		};
/* End PBXNativeTarget section */

/* Begin PBXProject section */
		64D8D5A6286DF41E00FDE5A8 /* Project object */ = {
			isa = PBXProject;
			attributes = {
				BuildIndependentTargetsInParallel = 1;
				LastSwiftUpdateCheck = 1330;
				LastUpgradeCheck = 1330;
				TargetAttributes = {
					64D8D5AD286DF41E00FDE5A8 = {
						CreatedOnToolsVersion = 13.3;
					};
					64D8D5BD286DF42100FDE5A8 = {
						CreatedOnToolsVersion = 13.3;
						TestTargetID = 64D8D5AD286DF41E00FDE5A8;
					};
					64D8D5C7286DF42100FDE5A8 = {
						CreatedOnToolsVersion = 13.3;
						TestTargetID = 64D8D5AD286DF41E00FDE5A8;
					};
				};
			};
			buildConfigurationList = 64D8D5A9286DF41E00FDE5A8 /* Build configuration list for PBXProject "DemoApp" */;
			compatibilityVersion = "Xcode 13.0";
			developmentRegion = en;
			hasScannedForEncodings = 0;
			knownRegions = (
				en,
				Base,
			);
			mainGroup = 64D8D5A5286DF41E00FDE5A8;
			productRefGroup = 64D8D5AF286DF41E00FDE5A8 /* Products */;
			projectDirPath = "";
			projectRoot = "";
			targets = (
				64D8D5AD286DF41E00FDE5A8 /* DemoApp */,
				64D8D5BD286DF42100FDE5A8 /* DemoAppTests */,
				64D8D5C7286DF42100FDE5A8 /* DemoAppUITests */,
			);
		};
/* End PBXProject section */

/* Begin PBXResourcesBuildPhase section */
		64D8D5AC286DF41E00FDE5A8 /* Resources */ = {
			isa = PBXResourcesBuildPhase;
			buildActionMask = 2147483647;
			files = (
				64D8D5B9286DF42100FDE5A8 /* Preview Assets.xcassets in Resources */,
				64D8D5B6286DF42100FDE5A8 /* Assets.xcassets in Resources */,
			);
			runOnlyForDeploymentPostprocessing = 0;
		};
		64D8D5BC286DF42100FDE5A8 /* Resources */ = {
			isa = PBXResourcesBuildPhase;
			buildActionMask = 2147483647;
			files = (
			);
			runOnlyForDeploymentPostprocessing = 0;
		};
		64D8D5C6286DF42100FDE5A8 /* Resources */ = {
			isa = PBXResourcesBuildPhase;
			buildActionMask = 2147483647;
			files = (
			);
			runOnlyForDeploymentPostprocessing = 0;
		};
/* End PBXResourcesBuildPhase section */

/* Begin PBXSourcesBuildPhase section */
		64D8D5AA286DF41E00FDE5A8 /* Sources */ = {
			isa = PBXSourcesBuildPhase;
			buildActionMask = 2147483647;
			files = (
				64D8D5E1286DF7F900FDE5A8 /* DailyScrum.swift in Sources */,
				64D8D5E9286E1D2100FDE5A8 /* DetailView.swift in Sources */,
				64D8D5E5286E005900FDE5A8 /* TrailingIconLabelStyle.swift in Sources */,
				64D8D5DF286DF73400FDE5A8 /* Theme.swift in Sources */,
				64D8D5E7286E02FA00FDE5A8 /* ScrumsView.swift in Sources */,
				64D8D5B4286DF41E00FDE5A8 /* MeetingView.swift in Sources */,
				64D8D5B2286DF41E00FDE5A8 /* DemoAppApp.swift in Sources */,
				64D8D5E3286DFA0B00FDE5A8 /* CardView.swift in Sources */,
			);
			runOnlyForDeploymentPostprocessing = 0;
		};
		64D8D5BA286DF42100FDE5A8 /* Sources */ = {
			isa = PBXSourcesBuildPhase;
			buildActionMask = 2147483647;
			files = (
				64D8D5C3286DF42100FDE5A8 /* DemoAppTests.swift in Sources */,
			);
			runOnlyForDeploymentPostprocessing = 0;
		};
		64D8D5C4286DF42100FDE5A8 /* Sources */ = {
			isa = PBXSourcesBuildPhase;
			buildActionMask = 2147483647;
			files = (
				64D8D5CD286DF42100FDE5A8 /* DemoAppUITests.swift in Sources */,
				64D8D5CF286DF42100FDE5A8 /* DemoAppUITestsLaunchTests.swift in Sources */,
			);
			runOnlyForDeploymentPostprocessing = 0;
		};
/* End PBXSourcesBuildPhase section */

/* Begin PBXTargetDependency section */
		64D8D5C0286DF42100FDE5A8 /* PBXTargetDependency */ = {
			isa = PBXTargetDependency;
			target = 64D8D5AD286DF41E00FDE5A8 /* DemoApp */;
			targetProxy = 64D8D5BF286DF42100FDE5A8 /* PBXContainerItemProxy */;
		};
		64D8D5CA286DF42100FDE5A8 /* PBXTargetDependency */ = {
			isa = PBXTargetDependency;
			target = 64D8D5AD286DF41E00FDE5A8 /* DemoApp */;
			targetProxy = 64D8D5C9286DF42100FDE5A8 /* PBXContainerItemProxy */;
		};
/* End PBXTargetDependency section */

/* Begin XCBuildConfiguration section */
		64D8D5D0286DF42100FDE5A8 /* Debug */ = {
			isa = XCBuildConfiguration;
			buildSettings = {
				ALWAYS_SEARCH_USER_PATHS = NO;
				CLANG_ANALYZER_NONNULL = YES;
				CLANG_ANALYZER_NUMBER_OBJECT_CONVERSION = YES_AGGRESSIVE;
				CLANG_CXX_LANGUAGE_STANDARD = "gnu++17";
				CLANG_ENABLE_MODULES = YES;
				CLANG_ENABLE_OBJC_ARC = YES;
				CLANG_ENABLE_OBJC_WEAK = YES;
				CLANG_WARN_BLOCK_CAPTURE_AUTORELEASING = YES;
				CLANG_WARN_BOOL_CONVERSION = YES;
				CLANG_WARN_COMMA = YES;
				CLANG_WARN_CONSTANT_CONVERSION = YES;
				CLANG_WARN_DEPRECATED_OBJC_IMPLEMENTATIONS = YES;
				CLANG_WARN_DIRECT_OBJC_ISA_USAGE = YES_ERROR;
				CLANG_WARN_DOCUMENTATION_COMMENTS = YES;
				CLANG_WARN_EMPTY_BODY = YES;
				CLANG_WARN_ENUM_CONVERSION = YES;
				CLANG_WARN_INFINITE_RECURSION = YES;
				CLANG_WARN_INT_CONVERSION = YES;
				CLANG_WARN_NON_LITERAL_NULL_CONVERSION = YES;
				CLANG_WARN_OBJC_IMPLICIT_RETAIN_SELF = YES;
				CLANG_WARN_OBJC_LITERAL_CONVERSION = YES;
				CLANG_WARN_OBJC_ROOT_CLASS = YES_ERROR;
				CLANG_WARN_QUOTED_INCLUDE_IN_FRAMEWORK_HEADER = YES;
				CLANG_WARN_RANGE_LOOP_ANALYSIS = YES;
				CLANG_WARN_STRICT_PROTOTYPES = YES;
				CLANG_WARN_SUSPICIOUS_MOVE = YES;
				CLANG_WARN_UNGUARDED_AVAILABILITY = YES_AGGRESSIVE;
				CLANG_WARN_UNREACHABLE_CODE = YES;
				CLANG_WARN__DUPLICATE_METHOD_MATCH = YES;
				COPY_PHASE_STRIP = NO;
				DEBUG_INFORMATION_FORMAT = dwarf;
				ENABLE_STRICT_OBJC_MSGSEND = YES;
				ENABLE_TESTABILITY = YES;
				GCC_C_LANGUAGE_STANDARD = gnu11;
				GCC_DYNAMIC_NO_PIC = NO;
				GCC_NO_COMMON_BLOCKS = YES;
				GCC_OPTIMIZATION_LEVEL = 0;
				GCC_PREPROCESSOR_DEFINITIONS = (
					"DEBUG=1",
					"$(inherited)",
				);
				GCC_WARN_64_TO_32_BIT_CONVERSION = YES;
				GCC_WARN_ABOUT_RETURN_TYPE = YES_ERROR;
				GCC_WARN_UNDECLARED_SELECTOR = YES;
				GCC_WARN_UNINITIALIZED_AUTOS = YES_AGGRESSIVE;
				GCC_WARN_UNUSED_FUNCTION = YES;
				GCC_WARN_UNUSED_VARIABLE = YES;
				IPHONEOS_DEPLOYMENT_TARGET = 15.4;
				MTL_ENABLE_DEBUG_INFO = INCLUDE_SOURCE;
				MTL_FAST_MATH = YES;
				ONLY_ACTIVE_ARCH = YES;
				SDKROOT = iphoneos;
				SWIFT_ACTIVE_COMPILATION_CONDITIONS = DEBUG;
				SWIFT_OPTIMIZATION_LEVEL = "-Onone";
			};
			name = Debug;
		};
		64D8D5D1286DF42100FDE5A8 /* Release */ = {
			isa = XCBuildConfiguration;
			buildSettings = {
				ALWAYS_SEARCH_USER_PATHS = NO;
				CLANG_ANALYZER_NONNULL = YES;
				CLANG_ANALYZER_NUMBER_OBJECT_CONVERSION = YES_AGGRESSIVE;
				CLANG_CXX_LANGUAGE_STANDARD = "gnu++17";
				CLANG_ENABLE_MODULES = YES;
				CLANG_ENABLE_OBJC_ARC = YES;
				CLANG_ENABLE_OBJC_WEAK = YES;
				CLANG_WARN_BLOCK_CAPTURE_AUTORELEASING = YES;
				CLANG_WARN_BOOL_CONVERSION = YES;
				CLANG_WARN_COMMA = YES;
				CLANG_WARN_CONSTANT_CONVERSION = YES;
				CLANG_WARN_DEPRECATED_OBJC_IMPLEMENTATIONS = YES;
				CLANG_WARN_DIRECT_OBJC_ISA_USAGE = YES_ERROR;
				CLANG_WARN_DOCUMENTATION_COMMENTS = YES;
				CLANG_WARN_EMPTY_BODY = YES;
				CLANG_WARN_ENUM_CONVERSION = YES;
				CLANG_WARN_INFINITE_RECURSION = YES;
				CLANG_WARN_INT_CONVERSION = YES;
				CLANG_WARN_NON_LITERAL_NULL_CONVERSION = YES;
				CLANG_WARN_OBJC_IMPLICIT_RETAIN_SELF = YES;
				CLANG_WARN_OBJC_LITERAL_CONVERSION = YES;
				CLANG_WARN_OBJC_ROOT_CLASS = YES_ERROR;
				CLANG_WARN_QUOTED_INCLUDE_IN_FRAMEWORK_HEADER = YES;
				CLANG_WARN_RANGE_LOOP_ANALYSIS = YES;
				CLANG_WARN_STRICT_PROTOTYPES = YES;
				CLANG_WARN_SUSPICIOUS_MOVE = YES;
				CLANG_WARN_UNGUARDED_AVAILABILITY = YES_AGGRESSIVE;
				CLANG_WARN_UNREACHABLE_CODE = YES;
				CLANG_WARN__DUPLICATE_METHOD_MATCH = YES;
				COPY_PHASE_STRIP = NO;
				DEBUG_INFORMATION_FORMAT = "dwarf-with-dsym";
				ENABLE_NS_ASSERTIONS = NO;
				ENABLE_STRICT_OBJC_MSGSEND = YES;
				GCC_C_LANGUAGE_STANDARD = gnu11;
				GCC_NO_COMMON_BLOCKS = YES;
				GCC_WARN_64_TO_32_BIT_CONVERSION = YES;
				GCC_WARN_ABOUT_RETURN_TYPE = YES_ERROR;
				GCC_WARN_UNDECLARED_SELECTOR = YES;
				GCC_WARN_UNINITIALIZED_AUTOS = YES_AGGRESSIVE;
				GCC_WARN_UNUSED_FUNCTION = YES;
				GCC_WARN_UNUSED_VARIABLE = YES;
				IPHONEOS_DEPLOYMENT_TARGET = 15.4;
				MTL_ENABLE_DEBUG_INFO = NO;
				MTL_FAST_MATH = YES;
				SDKROOT = iphoneos;
				SWIFT_COMPILATION_MODE = wholemodule;
				SWIFT_OPTIMIZATION_LEVEL = "-O";
				VALIDATE_PRODUCT = YES;
			};
			name = Release;
		};
		64D8D5D3286DF42100FDE5A8 /* Debug */ = {
			isa = XCBuildConfiguration;
			buildSettings = {
				ASSETCATALOG_COMPILER_APPICON_NAME = AppIcon;
				ASSETCATALOG_COMPILER_GLOBAL_ACCENT_COLOR_NAME = AccentColor;
				CODE_SIGN_STYLE = Automatic;
				CURRENT_PROJECT_VERSION = 1;
				DEVELOPMENT_ASSET_PATHS = "\"DemoApp/Preview Content\"";
				DEVELOPMENT_TEAM = 2RYBLB2N42;
				ENABLE_PREVIEWS = YES;
				GENERATE_INFOPLIST_FILE = YES;
				INFOPLIST_KEY_UIApplicationSceneManifest_Generation = YES;
				INFOPLIST_KEY_UIApplicationSupportsIndirectInputEvents = YES;
				INFOPLIST_KEY_UILaunchScreen_Generation = YES;
				INFOPLIST_KEY_UISupportedInterfaceOrientations_iPad = "UIInterfaceOrientationPortrait UIInterfaceOrientationPortraitUpsideDown UIInterfaceOrientationLandscapeLeft UIInterfaceOrientationLandscapeRight";
				INFOPLIST_KEY_UISupportedInterfaceOrientations_iPhone = "UIInterfaceOrientationPortrait UIInterfaceOrientationLandscapeLeft UIInterfaceOrientationLandscapeRight";
				LD_RUNPATH_SEARCH_PATHS = (
					"$(inherited)",
					"@executable_path/Frameworks",
				);
				MARKETING_VERSION = 1.0;
				PRODUCT_BUNDLE_IDENTIFIER = com.example.com.DemoApp;
				PRODUCT_NAME = "$(TARGET_NAME)";
				SWIFT_EMIT_LOC_STRINGS = YES;
				SWIFT_VERSION = 5.0;
				TARGETED_DEVICE_FAMILY = "1,2";
			};
			name = Debug;
		};
		64D8D5D4286DF42100FDE5A8 /* Release */ = {
			isa = XCBuildConfiguration;
			buildSettings = {
				ASSETCATALOG_COMPILER_APPICON_NAME = AppIcon;
				ASSETCATALOG_COMPILER_GLOBAL_ACCENT_COLOR_NAME = AccentColor;
				CODE_SIGN_STYLE = Automatic;
				CURRENT_PROJECT_VERSION = 1;
				DEVELOPMENT_ASSET_PATHS = "\"DemoApp/Preview Content\"";
				DEVELOPMENT_TEAM = 2RYBLB2N42;
				ENABLE_PREVIEWS = YES;
				GENERATE_INFOPLIST_FILE = YES;
				INFOPLIST_KEY_UIApplicationSceneManifest_Generation = YES;
				INFOPLIST_KEY_UIApplicationSupportsIndirectInputEvents = YES;
				INFOPLIST_KEY_UILaunchScreen_Generation = YES;
				INFOPLIST_KEY_UISupportedInterfaceOrientations_iPad = "UIInterfaceOrientationPortrait UIInterfaceOrientationPortraitUpsideDown UIInterfaceOrientationLandscapeLeft UIInterfaceOrientationLandscapeRight";
				INFOPLIST_KEY_UISupportedInterfaceOrientations_iPhone = "UIInterfaceOrientationPortrait UIInterfaceOrientationLandscapeLeft UIInterfaceOrientationLandscapeRight";
				LD_RUNPATH_SEARCH_PATHS = (
					"$(inherited)",
					"@executable_path/Frameworks",
				);
				MARKETING_VERSION = 1.0;
				PRODUCT_BUNDLE_IDENTIFIER = com.example.com.DemoApp;
				PRODUCT_NAME = "$(TARGET_NAME)";
				SWIFT_EMIT_LOC_STRINGS = YES;
				SWIFT_VERSION = 5.0;
				TARGETED_DEVICE_FAMILY = "1,2";
			};
			name = Release;
		};
		64D8D5D6286DF42100FDE5A8 /* Debug */ = {
			isa = XCBuildConfiguration;
			buildSettings = {
				ALWAYS_EMBED_SWIFT_STANDARD_LIBRARIES = YES;
				BUNDLE_LOADER = "$(TEST_HOST)";
				CODE_SIGN_STYLE = Automatic;
				CURRENT_PROJECT_VERSION = 1;
				GENERATE_INFOPLIST_FILE = YES;
				IPHONEOS_DEPLOYMENT_TARGET = 15.4;
				MARKETING_VERSION = 1.0;
				PRODUCT_BUNDLE_IDENTIFIER = com.example.com.DemoAppTests;
				PRODUCT_NAME = "$(TARGET_NAME)";
				SWIFT_EMIT_LOC_STRINGS = NO;
				SWIFT_VERSION = 5.0;
				TARGETED_DEVICE_FAMILY = "1,2";
				TEST_HOST = "$(BUILT_PRODUCTS_DIR)/DemoApp.app/DemoApp";
			};
			name = Debug;
		};
		64D8D5D7286DF42100FDE5A8 /* Release */ = {
			isa = XCBuildConfiguration;
			buildSettings = {
				ALWAYS_EMBED_SWIFT_STANDARD_LIBRARIES = YES;
				BUNDLE_LOADER = "$(TEST_HOST)";
				CODE_SIGN_STYLE = Automatic;
				CURRENT_PROJECT_VERSION = 1;
				GENERATE_INFOPLIST_FILE = YES;
				IPHONEOS_DEPLOYMENT_TARGET = 15.4;
				MARKETING_VERSION = 1.0;
				PRODUCT_BUNDLE_IDENTIFIER = com.example.com.DemoAppTests;
				PRODUCT_NAME = "$(TARGET_NAME)";
				SWIFT_EMIT_LOC_STRINGS = NO;
				SWIFT_VERSION = 5.0;
				TARGETED_DEVICE_FAMILY = "1,2";
				TEST_HOST = "$(BUILT_PRODUCTS_DIR)/DemoApp.app/DemoApp";
			};
			name = Release;
		};
		64D8D5D9286DF42100FDE5A8 /* Debug */ = {
			isa = XCBuildConfiguration;
			buildSettings = {
				ALWAYS_EMBED_SWIFT_STANDARD_LIBRARIES = YES;
				CODE_SIGN_STYLE = Automatic;
				CURRENT_PROJECT_VERSION = 1;
				GENERATE_INFOPLIST_FILE = YES;
				MARKETING_VERSION = 1.0;
				PRODUCT_BUNDLE_IDENTIFIER = com.example.com.DemoAppUITests;
				PRODUCT_NAME = "$(TARGET_NAME)";
				SWIFT_EMIT_LOC_STRINGS = NO;
				SWIFT_VERSION = 5.0;
				TARGETED_DEVICE_FAMILY = "1,2";
				TEST_TARGET_NAME = DemoApp;
			};
			name = Debug;
		};
		64D8D5DA286DF42100FDE5A8 /* Release */ = {
			isa = XCBuildConfiguration;
			buildSettings = {
				ALWAYS_EMBED_SWIFT_STANDARD_LIBRARIES = YES;
				CODE_SIGN_STYLE = Automatic;
				CURRENT_PROJECT_VERSION = 1;
				GENERATE_INFOPLIST_FILE = YES;
				MARKETING_VERSION = 1.0;
				PRODUCT_BUNDLE_IDENTIFIER = com.example.com.DemoAppUITests;
				PRODUCT_NAME = "$(TARGET_NAME)";
				SWIFT_EMIT_LOC_STRINGS = NO;
				SWIFT_VERSION = 5.0;
				TARGETED_DEVICE_FAMILY = "1,2";
				TEST_TARGET_NAME = DemoApp;
			};
			name = Release;
		};
/* End XCBuildConfiguration section */

/* Begin XCConfigurationList section */
		64D8D5A9286DF41E00FDE5A8 /* Build configuration list for PBXProject "DemoApp" */ = {
			isa = XCConfigurationList;
			buildConfigurations = (
				64D8D5D0286DF42100FDE5A8 /* Debug */,
				64D8D5D1286DF42100FDE5A8 /* Release */,
			);
			defaultConfigurationIsVisible = 0;
			defaultConfigurationName = Release;
		};
		64D8D5D2286DF42100FDE5A8 /* Build configuration list for PBXNativeTarget "DemoApp" */ = {
			isa = XCConfigurationList;
			buildConfigurations = (
				64D8D5D3286DF42100FDE5A8 /* Debug */,
				64D8D5D4286DF42100FDE5A8 /* Release */,
			);
			defaultConfigurationIsVisible = 0;
			defaultConfigurationName = Release;
		};
		64D8D5D5286DF42100FDE5A8 /* Build configuration list for PBXNativeTarget "DemoAppTests" */ = {
			isa = XCConfigurationList;
			buildConfigurations = (
				64D8D5D6286DF42100FDE5A8 /* Debug */,
				64D8D5D7286DF42100FDE5A8 /* Release */,
			);
			defaultConfigurationIsVisible = 0;
			defaultConfigurationName = Release;
		};
		64D8D5D8286DF42100FDE5A8 /* Build configuration list for PBXNativeTarget "DemoAppUITests" */ = {
			isa = XCConfigurationList;
			buildConfigurations = (
				64D8D5D9286DF42100FDE5A8 /* Debug */,
				64D8D5DA286DF42100FDE5A8 /* Release */,
			);
			defaultConfigurationIsVisible = 0;
			defaultConfigurationName = Release;
		};
/* End XCConfigurationList section */
	};
	rootObject = 64D8D5A6286DF41E00FDE5A8 /* Project object */;
}
